
Microsoft Visual Studio Solution File, Format Version 12.00
# Visual Studio Version 16
VisualStudioVersion = 16.0.32228.343
MinimumVisualStudioVersion = 10.0.40219.1
Project("{9A19103F-16F7-4668-BE54-9A1E7A4F7556}") = "Project1", "Project1\Project1.csproj", "{2E489BDE-DBA7-4A70-8FC5-BBBC85EA9287}"
EndProject
Project("{2150E333-8FDC-42A3-9474-1A3956D46DE8}") = "1-web", "1-web", "{AA24BADC-5772-4F57-A417-5E3001D113D5}"
EndProject
Project("{2150E333-8FDC-42A3-9474-1A3956D46DE8}") = "2-application", "2-application", "{1BE01B3C-BE22-45C2-94A4-AF368DC6D378}"
EndProject
Project("{2150E333-8FDC-42A3-9474-1A3956D46DE8}") = "3-Domain", "3-Domain", "{E90A0F4F-19DC-48BC-B62A-260B32D7B589}"
EndProject
Project("{2150E333-8FDC-42A3-9474-1A3956D46DE8}") = "4-infra", "4-infra", "{B3A56940-4507-40D1-A13A-6F7D3A7DC0E6}"
EndProject
Project("{FAE04EC0-301F-11D3-BF4B-00C04F79EFBC}") = "projetoAplication", "projetoAplication\projetoAplication.csproj", "{1189A54B-2D1F-4958-94B3-96614A790197}"
EndProject
Project("{FAE04EC0-301F-11D3-BF4B-00C04F79EFBC}") = "ProjetoDomain", "ProjetoDomain\ProjetoDomain.csproj", "{5C6102A8-F1D3-4823-BAEF-16C74A972F92}"
EndProject
Project("{FAE04EC0-301F-11D3-BF4B-00C04F79EFBC}") = "ProjetoInfra", "ProjetoInfra\ProjetoInfra.csproj", "{75457ABC-403D-40D2-9314-3FE054FE08F5}"
EndProject
Project("{2150E333-8FDC-42A3-9474-1A3956D46DE8}") = "4.1-Data", "4.1-Data", "{3898DD15-2040-4EF1-8779-D0180DC0ADB8}"
EndProject
Project("{2150E333-8FDC-42A3-9474-1A3956D46DE8}") = "4.2-CrossCutting", "4.2-CrossCutting", "{10120EFD-0F81-4BF4-8379-C14952098501}"
EndProject
Global
	GlobalSection(SolutionConfigurationPlatforms) = preSolution
		Debug|Any CPU = Debug|Any CPU
		Release|Any CPU = Release|Any CPU
	EndGlobalSection
	GlobalSection(ProjectConfigurationPlatforms) = postSolution
		{2E489BDE-DBA7-4A70-8FC5-BBBC85EA9287}.Debug|Any CPU.ActiveCfg = Debug|Any CPU
		{2E489BDE-DBA7-4A70-8FC5-BBBC85EA9287}.Debug|Any CPU.Build.0 = Debug|Any CPU
		{2E489BDE-DBA7-4A70-8FC5-BBBC85EA9287}.Release|Any CPU.ActiveCfg = Release|Any CPU
		{2E489BDE-DBA7-4A70-8FC5-BBBC85EA9287}.Release|Any CPU.Build.0 = Release|Any CPU
		{1189A54B-2D1F-4958-94B3-96614A790197}.Debug|Any CPU.ActiveCfg = Debug|Any CPU
		{1189A54B-2D1F-4958-94B3-96614A790197}.Debug|Any CPU.Build.0 = Debug|Any CPU
		{1189A54B-2D1F-4958-94B3-96614A790197}.Release|Any CPU.ActiveCfg = Release|Any CPU
		{1189A54B-2D1F-4958-94B3-96614A790197}.Release|Any CPU.Build.0 = Release|Any CPU
		{5C6102A8-F1D3-4823-BAEF-16C74A972F92}.Debug|Any CPU.ActiveCfg = Debug|Any CPU
		{5C6102A8-F1D3-4823-BAEF-16C74A972F92}.Debug|Any CPU.Build.0 = Debug|Any CPU
		{5C6102A8-F1D3-4823-BAEF-16C74A972F92}.Release|Any CPU.ActiveCfg = Release|Any CPU
		{5C6102A8-F1D3-4823-BAEF-16C74A972F92}.Release|Any CPU.Build.0 = Release|Any CPU
		{75457ABC-403D-40D2-9314-3FE054FE08F5}.Debug|Any CPU.ActiveCfg = Debug|Any CPU
		{75457ABC-403D-40D2-9314-3FE054FE08F5}.Debug|Any CPU.Build.0 = Debug|Any CPU
		{75457ABC-403D-40D2-9314-3FE054FE08F5}.Release|Any CPU.ActiveCfg = Release|Any CPU
		{75457ABC-403D-40D2-9314-3FE054FE08F5}.Release|Any CPU.Build.0 = Release|Any CPU
	EndGlobalSection
	GlobalSection(SolutionProperties) = preSolution
		HideSolutionNode = FALSE
	EndGlobalSection
	GlobalSection(NestedProjects) = preSolution
		{2E489BDE-DBA7-4A70-8FC5-BBBC85EA9287} = {AA24BADC-5772-4F57-A417-5E3001D113D5}
		{1189A54B-2D1F-4958-94B3-96614A790197} = {1BE01B3C-BE22-45C2-94A4-AF368DC6D378}
		{5C6102A8-F1D3-4823-BAEF-16C74A972F92} = {E90A0F4F-19DC-48BC-B62A-260B32D7B589}
		{75457ABC-403D-40D2-9314-3FE054FE08F5} = {3898DD15-2040-4EF1-8779-D0180DC0ADB8}
		{3898DD15-2040-4EF1-8779-D0180DC0ADB8} = {B3A56940-4507-40D1-A13A-6F7D3A7DC0E6}
		{10120EFD-0F81-4BF4-8379-C14952098501} = {B3A56940-4507-40D1-A13A-6F7D3A7DC0E6}
	EndGlobalSection
	GlobalSection(ExtensibilityGlobals) = postSolution
		SolutionGuid = {B72B23EF-4E4E-48BC-881D-6CEF6C408F7E}
	EndGlobalSection
EndGlobal
